{
  "name": "fed-todo-journey_todo-common",
  "version": "1.0.3",
  "lockfileVersion": 1,
  "requires": true,
  "dependencies": {
    "@types/node": {
      "version": "15.0.1",
      "resolved": "https://repo.dev.wixpress.com/artifactory/api/npm/npm-repos/@types/node/-/node-15.0.1.tgz",
      "integrity": "sha1-7zTeoIgQKNETmL5b9OhWdD49w1o=",
      "dev": true
    }
  }
}
